
Microsoft Visual Studio Solution File, Format Version 12.00
# Visual Studio Version 16
VisualStudioVersion = 16.0.30320.27
MinimumVisualStudioVersion = 10.0.40219.1
Project("{F184B08F-C81C-45F6-A57F-5ABD9991F28F}") = "201025393_DEPOSITOS", "201025393_DEPOSITOS\201025393_DEPOSITOS.vbproj", "{13AF64CE-8106-4078-AB0C-0F62AECA87C0}"
EndProject
Global
	GlobalSection(SolutionConfigurationPlatforms) = preSolution
		Debug|Any CPU = Debug|Any CPU
		Release|Any CPU = Release|Any CPU
	EndGlobalSection
	GlobalSection(ProjectConfigurationPlatforms) = postSolution
		{13AF64CE-8106-4078-AB0C-0F62AECA87C0}.Debug|Any CPU.ActiveCfg = Debug|Any CPU
		{13AF64CE-8106-4078-AB0C-0F62AECA87C0}.Debug|Any CPU.Build.0 = Debug|Any CPU
		{13AF64CE-8106-4078-AB0C-0F62AECA87C0}.Release|Any CPU.ActiveCfg = Release|Any CPU
		{13AF64CE-8106-4078-AB0C-0F62AECA87C0}.Release|Any CPU.Build.0 = Release|Any CPU
	EndGlobalSection
	GlobalSection(SolutionProperties) = preSolution
		HideSolutionNode = FALSE
	EndGlobalSection
	GlobalSection(ExtensibilityGlobals) = postSolution
		SolutionGuid = {027481D4-06F7-4F3E-973E-5C4BBE34C9C4}
	EndGlobalSection
EndGlobal
