
Microsoft Visual Studio Solution File, Format Version 12.00
# Visual Studio Version 16
VisualStudioVersion = 16.0.30320.27
MinimumVisualStudioVersion = 10.0.40219.1
Project("{F184B08F-C81C-45F6-A57F-5ABD9991F28F}") = "201025393_RENTAUTOS", "201025393_RENTAUTOS\201025393_RENTAUTOS.vbproj", "{6EBD4D6C-65AF-4B7A-B26E-CA38FE31ECDF}"
EndProject
Global
	GlobalSection(SolutionConfigurationPlatforms) = preSolution
		Debug|Any CPU = Debug|Any CPU
		Release|Any CPU = Release|Any CPU
	EndGlobalSection
	GlobalSection(ProjectConfigurationPlatforms) = postSolution
		{6EBD4D6C-65AF-4B7A-B26E-CA38FE31ECDF}.Debug|Any CPU.ActiveCfg = Debug|Any CPU
		{6EBD4D6C-65AF-4B7A-B26E-CA38FE31ECDF}.Debug|Any CPU.Build.0 = Debug|Any CPU
		{6EBD4D6C-65AF-4B7A-B26E-CA38FE31ECDF}.Release|Any CPU.ActiveCfg = Release|Any CPU
		{6EBD4D6C-65AF-4B7A-B26E-CA38FE31ECDF}.Release|Any CPU.Build.0 = Release|Any CPU
	EndGlobalSection
	GlobalSection(SolutionProperties) = preSolution
		HideSolutionNode = FALSE
	EndGlobalSection
	GlobalSection(ExtensibilityGlobals) = postSolution
		SolutionGuid = {625BBA0D-A363-4D0E-9CB7-B2D94ABEED0A}
	EndGlobalSection
EndGlobal
